// !$*UTF8*$!
{
	archiveVersion = 1;
	classes = {
	};
	objectVersion = 56;
	objects = {

/* Begin PBXBuildFile section */
		BDB5561D2C29E36F003E44EF /* CounterFramework.docc in Sources */ = {isa = PBXBuildFile; fileRef = BDB5561C2C29E36F003E44EF /* CounterFramework.docc */; };
		BDB5562B2C29E36F003E44EF /* CounterFramework.h in Headers */ = {isa = PBXBuildFile; fileRef = BDB5561B2C29E36F003E44EF /* CounterFramework.h */; settings = {ATTRIBUTES = (Public, ); }; };
		BDB5562E2C29E36F003E44EF /* CounterFramework.framework in Frameworks */ = {isa = PBXBuildFile; fileRef = BDB556192C29E36F003E44EF /* CounterFramework.framework */; };
		BDB5562F2C29E36F003E44EF /* CounterFramework.framework in Embed Frameworks */ = {isa = PBXBuildFile; fileRef = BDB556192C29E36F003E44EF /* CounterFramework.framework */; settings = {ATTRIBUTES = (CodeSignOnCopy, RemoveHeadersOnCopy, ); }; };
		BDB556382C29E388003E44EF /* FrameworkIntents.swift in Sources */ = {isa = PBXBuildFile; fileRef = BDB556372C29E387003E44EF /* FrameworkIntents.swift */; };
		BDCCF5F92C29E06C0056D1B6 /* AppIntentCounter2App.swift in Sources */ = {isa = PBXBuildFile; fileRef = BDCCF5F82C29E06C0056D1B6 /* AppIntentCounter2App.swift */; };
		BDCCF5FB2C29E06C0056D1B6 /* ContentView.swift in Sources */ = {isa = PBXBuildFile; fileRef = BDCCF5FA2C29E06C0056D1B6 /* ContentView.swift */; };
		BDCCF5FD2C29E06D0056D1B6 /* Assets.xcassets in Resources */ = {isa = PBXBuildFile; fileRef = BDCCF5FC2C29E06D0056D1B6 /* Assets.xcassets */; };
		BDCCF6002C29E06D0056D1B6 /* Preview Assets.xcassets in Resources */ = {isa = PBXBuildFile; fileRef = BDCCF5FF2C29E06D0056D1B6 /* Preview Assets.xcassets */; };
/* End PBXBuildFile section */

/* Begin PBXContainerItemProxy section */
		BDB5562C2C29E36F003E44EF /* PBXContainerItemProxy */ = {
			isa = PBXContainerItemProxy;
			containerPortal = BDCCF5ED2C29E06C0056D1B6 /* Project object */;
			proxyType = 1;
			remoteGlobalIDString = BDB556182C29E36F003E44EF;
			remoteInfo = CounterFramework;
		};
/* End PBXContainerItemProxy section */

/* Begin PBXCopyFilesBuildPhase section */
		BDB556332C29E36F003E44EF /* Embed Frameworks */ = {
			isa = PBXCopyFilesBuildPhase;
			buildActionMask = 2147483647;
			dstPath = "";
			dstSubfolderSpec = 10;
			files = (
				BDB5562F2C29E36F003E44EF /* CounterFramework.framework in Embed Frameworks */,
			);
			name = "Embed Frameworks";
			runOnlyForDeploymentPostprocessing = 0;
		};
/* End PBXCopyFilesBuildPhase section */

/* Begin PBXFileReference section */
		BDB556132C29E260003E44EF /* Info.plist */ = {isa = PBXFileReference; lastKnownFileType = text.plist; path = Info.plist; sourceTree = "<group>"; };
		BDB556192C29E36F003E44EF /* CounterFramework.framework */ = {isa = PBXFileReference; explicitFileType = wrapper.framework; includeInIndex = 0; path = CounterFramework.framework; sourceTree = BUILT_PRODUCTS_DIR; };
		BDB5561B2C29E36F003E44EF /* CounterFramework.h */ = {isa = PBXFileReference; lastKnownFileType = sourcecode.c.h; path = CounterFramework.h; sourceTree = "<group>"; };
		BDB5561C2C29E36F003E44EF /* CounterFramework.docc */ = {isa = PBXFileReference; lastKnownFileType = folder.documentationcatalog; path = CounterFramework.docc; sourceTree = "<group>"; };
		BDB556372C29E387003E44EF /* FrameworkIntents.swift */ = {isa = PBXFileReference; lastKnownFileType = sourcecode.swift; path = FrameworkIntents.swift; sourceTree = "<group>"; };
		BDCCF5F52C29E06C0056D1B6 /* AppIntentCounter2.app */ = {isa = PBXFileReference; explicitFileType = wrapper.application; includeInIndex = 0; path = AppIntentCounter2.app; sourceTree = BUILT_PRODUCTS_DIR; };
		BDCCF5F82C29E06C0056D1B6 /* AppIntentCounter2App.swift */ = {isa = PBXFileReference; lastKnownFileType = sourcecode.swift; path = AppIntentCounter2App.swift; sourceTree = "<group>"; };
		BDCCF5FA2C29E06C0056D1B6 /* ContentView.swift */ = {isa = PBXFileReference; lastKnownFileType = sourcecode.swift; path = ContentView.swift; sourceTree = "<group>"; };
		BDCCF5FC2C29E06D0056D1B6 /* Assets.xcassets */ = {isa = PBXFileReference; lastKnownFileType = folder.assetcatalog; path = Assets.xcassets; sourceTree = "<group>"; };
		BDCCF5FF2C29E06D0056D1B6 /* Preview Assets.xcassets */ = {isa = PBXFileReference; lastKnownFileType = folder.assetcatalog; path = "Preview Assets.xcassets"; sourceTree = "<group>"; };
/* End PBXFileReference section */

/* Begin PBXFrameworksBuildPhase section */
		BDB556162C29E36F003E44EF /* Frameworks */ = {
			isa = PBXFrameworksBuildPhase;
			buildActionMask = 2147483647;
			files = (
			);
			runOnlyForDeploymentPostprocessing = 0;
		};
		BDCCF5F22C29E06C0056D1B6 /* Frameworks */ = {
			isa = PBXFrameworksBuildPhase;
			buildActionMask = 2147483647;
			files = (
				BDB5562E2C29E36F003E44EF /* CounterFramework.framework in Frameworks */,
			);
			runOnlyForDeploymentPostprocessing = 0;
		};
/* End PBXFrameworksBuildPhase section */

/* Begin PBXGroup section */
		BDB5561A2C29E36F003E44EF /* CounterFramework */ = {
			isa = PBXGroup;
			children = (
				BDB5561B2C29E36F003E44EF /* CounterFramework.h */,
				BDB5561C2C29E36F003E44EF /* CounterFramework.docc */,
				BDB556372C29E387003E44EF /* FrameworkIntents.swift */,
			);
			path = CounterFramework;
			sourceTree = "<group>";
		};
		BDCCF5EC2C29E06C0056D1B6 = {
			isa = PBXGroup;
			children = (
				BDCCF5F72C29E06C0056D1B6 /* AppIntentCounter2 */,
				BDB5561A2C29E36F003E44EF /* CounterFramework */,
				BDCCF5F62C29E06C0056D1B6 /* Products */,
			);
			sourceTree = "<group>";
		};
		BDCCF5F62C29E06C0056D1B6 /* Products */ = {
			isa = PBXGroup;
			children = (
				BDCCF5F52C29E06C0056D1B6 /* AppIntentCounter2.app */,
				BDB556192C29E36F003E44EF /* CounterFramework.framework */,
			);
			name = Products;
			sourceTree = "<group>";
		};
		BDCCF5F72C29E06C0056D1B6 /* AppIntentCounter2 */ = {
			isa = PBXGroup;
			children = (
				BDB556132C29E260003E44EF /* Info.plist */,
				BDCCF5F82C29E06C0056D1B6 /* AppIntentCounter2App.swift */,
				BDCCF5FA2C29E06C0056D1B6 /* ContentView.swift */,
				BDCCF5FC2C29E06D0056D1B6 /* Assets.xcassets */,
				BDCCF5FE2C29E06D0056D1B6 /* Preview Content */,
			);
			path = AppIntentCounter2;
			sourceTree = "<group>";
		};
		BDCCF5FE2C29E06D0056D1B6 /* Preview Content */ = {
			isa = PBXGroup;
			children = (
				BDCCF5FF2C29E06D0056D1B6 /* Preview Assets.xcassets */,
			);
			path = "Preview Content";
			sourceTree = "<group>";
		};
/* End PBXGroup section */

/* Begin PBXHeadersBuildPhase section */
		BDB556142C29E36F003E44EF /* Headers */ = {
			isa = PBXHeadersBuildPhase;
			buildActionMask = 2147483647;
			files = (
				BDB5562B2C29E36F003E44EF /* CounterFramework.h in Headers */,
			);
			runOnlyForDeploymentPostprocessing = 0;
		};
/* End PBXHeadersBuildPhase section */

/* Begin PBXNativeTarget section */
		BDB556182C29E36F003E44EF /* CounterFramework */ = {
			isa = PBXNativeTarget;
			buildConfigurationList = BDB556302C29E36F003E44EF /* Build configuration list for PBXNativeTarget "CounterFramework" */;
			buildPhases = (
				BDB556142C29E36F003E44EF /* Headers */,
				BDB556152C29E36F003E44EF /* Sources */,
				BDB556162C29E36F003E44EF /* Frameworks */,
				BDB556172C29E36F003E44EF /* Resources */,
			);
			buildRules = (
			);
			dependencies = (
			);
			name = CounterFramework;
			productName = CounterFramework;
			productReference = BDB556192C29E36F003E44EF /* CounterFramework.framework */;
			productType = "com.apple.product-type.framework";
		};
		BDCCF5F42C29E06C0056D1B6 /* AppIntentCounter2 */ = {
			isa = PBXNativeTarget;
			buildConfigurationList = BDCCF6192C29E06D0056D1B6 /* Build configuration list for PBXNativeTarget "AppIntentCounter2" */;
			buildPhases = (
				BDCCF5F12C29E06C0056D1B6 /* Sources */,
				BDCCF5F22C29E06C0056D1B6 /* Frameworks */,
				BDCCF5F32C29E06C0056D1B6 /* Resources */,
				BDB556332C29E36F003E44EF /* Embed Frameworks */,
			);
			buildRules = (
			);
			dependencies = (
				BDB5562D2C29E36F003E44EF /* PBXTargetDependency */,
			);
			name = AppIntentCounter2;
			productName = AppIntentCounter2;
			productReference = BDCCF5F52C29E06C0056D1B6 /* AppIntentCounter2.app */;
			productType = "com.apple.product-type.application";
		};
/* End PBXNativeTarget section */

/* Begin PBXProject section */
		BDCCF5ED2C29E06C0056D1B6 /* Project object */ = {
			isa = PBXProject;
			attributes = {
				BuildIndependentTargetsInParallel = 1;
				LastSwiftUpdateCheck = 1540;
				LastUpgradeCheck = 1540;
				TargetAttributes = {
					BDB556182C29E36F003E44EF = {
						CreatedOnToolsVersion = 15.4;
					};
					BDCCF5F42C29E06C0056D1B6 = {
						CreatedOnToolsVersion = 15.4;
					};
				};
			};
			buildConfigurationList = BDCCF5F02C29E06C0056D1B6 /* Build configuration list for PBXProject "AppIntentCounter2" */;
			compatibilityVersion = "Xcode 14.0";
			developmentRegion = en;
			hasScannedForEncodings = 0;
			knownRegions = (
				en,
				Base,
			);
			mainGroup = BDCCF5EC2C29E06C0056D1B6;
			productRefGroup = BDCCF5F62C29E06C0056D1B6 /* Products */;
			projectDirPath = "";
			projectRoot = "";
			targets = (
				BDCCF5F42C29E06C0056D1B6 /* AppIntentCounter2 */,
				BDB556182C29E36F003E44EF /* CounterFramework */,
			);
		};
/* End PBXProject section */

/* Begin PBXResourcesBuildPhase section */
		BDB556172C29E36F003E44EF /* Resources */ = {
			isa = PBXResourcesBuildPhase;
			buildActionMask = 2147483647;
			files = (
			);
			runOnlyForDeploymentPostprocessing = 0;
		};
		BDCCF5F32C29E06C0056D1B6 /* Resources */ = {
			isa = PBXResourcesBuildPhase;
			buildActionMask = 2147483647;
			files = (
				BDCCF6002C29E06D0056D1B6 /* Preview Assets.xcassets in Resources */,
				BDCCF5FD2C29E06D0056D1B6 /* Assets.xcassets in Resources */,
			);
			runOnlyForDeploymentPostprocessing = 0;
		};
/* End PBXResourcesBuildPhase section */

/* Begin PBXSourcesBuildPhase section */
		BDB556152C29E36F003E44EF /* Sources */ = {
			isa = PBXSourcesBuildPhase;
			buildActionMask = 2147483647;
			files = (
				BDB556382C29E388003E44EF /* FrameworkIntents.swift in Sources */,
				BDB5561D2C29E36F003E44EF /* CounterFramework.docc in Sources */,
			);
			runOnlyForDeploymentPostprocessing = 0;
		};
		BDCCF5F12C29E06C0056D1B6 /* Sources */ = {
			isa = PBXSourcesBuildPhase;
			buildActionMask = 2147483647;
			files = (
				BDCCF5FB2C29E06C0056D1B6 /* ContentView.swift in Sources */,
				BDCCF5F92C29E06C0056D1B6 /* AppIntentCounter2App.swift in Sources */,
			);
			runOnlyForDeploymentPostprocessing = 0;
		};
/* End PBXSourcesBuildPhase section */

/* Begin PBXTargetDependency section */
		BDB5562D2C29E36F003E44EF /* PBXTargetDependency */ = {
			isa = PBXTargetDependency;
			target = BDB556182C29E36F003E44EF /* CounterFramework */;
			targetProxy = BDB5562C2C29E36F003E44EF /* PBXContainerItemProxy */;
		};
/* End PBXTargetDependency section */

/* Begin XCBuildConfiguration section */
		BDB556312C29E36F003E44EF /* Debug */ = {
			isa = XCBuildConfiguration;
			buildSettings = {
				BUILD_LIBRARY_FOR_DISTRIBUTION = YES;
				CODE_SIGN_STYLE = Automatic;
				CURRENT_PROJECT_VERSION = 1;
				DEFINES_MODULE = YES;
				DYLIB_COMPATIBILITY_VERSION = 1;
				DYLIB_CURRENT_VERSION = 1;
				DYLIB_INSTALL_NAME_BASE = "@rpath";
				ENABLE_MODULE_VERIFIER = YES;
				GENERATE_INFOPLIST_FILE = YES;
				INFOPLIST_KEY_NSHumanReadableCopyright = "";
				INSTALL_PATH = "$(LOCAL_LIBRARY_DIR)/Frameworks";
				IPHONEOS_DEPLOYMENT_TARGET = 18.0;
				LD_RUNPATH_SEARCH_PATHS = (
					"$(inherited)",
					"@executable_path/Frameworks",
					"@loader_path/Frameworks",
				);
				MARKETING_VERSION = 1.0;
				MODULE_VERIFIER_SUPPORTED_LANGUAGES = "objective-c objective-c++";
				MODULE_VERIFIER_SUPPORTED_LANGUAGE_STANDARDS = "gnu17 gnu++20";
				PRODUCT_BUNDLE_IDENTIFIER = com.squareup.CounterFramework;
				PRODUCT_NAME = "$(TARGET_NAME:c99extidentifier)";
				SKIP_INSTALL = YES;
				SWIFT_EMIT_LOC_STRINGS = YES;
				SWIFT_INSTALL_OBJC_HEADER = NO;
				SWIFT_VERSION = 5.0;
				TARGETED_DEVICE_FAMILY = "1,2";
				VERSIONING_SYSTEM = "apple-generic";
				VERSION_INFO_PREFIX = "";
			};
			name = Debug;
		};
		BDB556322C29E36F003E44EF /* Release */ = {
			isa = XCBuildConfiguration;
			buildSettings = {
				BUILD_LIBRARY_FOR_DISTRIBUTION = YES;
				CODE_SIGN_STYLE = Automatic;
				CURRENT_PROJECT_VERSION = 1;
				DEFINES_MODULE = YES;
				DYLIB_COMPATIBILITY_VERSION = 1;
				DYLIB_CURRENT_VERSION = 1;
				DYLIB_INSTALL_NAME_BASE = "@rpath";
				ENABLE_MODULE_VERIFIER = YES;
				GENERATE_INFOPLIST_FILE = YES;
				INFOPLIST_KEY_NSHumanReadableCopyright = "";
				INSTALL_PATH = "$(LOCAL_LIBRARY_DIR)/Frameworks";
				IPHONEOS_DEPLOYMENT_TARGET = 18.0;
				LD_RUNPATH_SEARCH_PATHS = (
					"$(inherited)",
					"@executable_path/Frameworks",
					"@loader_path/Frameworks",
				);
				MARKETING_VERSION = 1.0;
				MODULE_VERIFIER_SUPPORTED_LANGUAGES = "objective-c objective-c++";
				MODULE_VERIFIER_SUPPORTED_LANGUAGE_STANDARDS = "gnu17 gnu++20";
				PRODUCT_BUNDLE_IDENTIFIER = com.squareup.CounterFramework;
				PRODUCT_NAME = "$(TARGET_NAME:c99extidentifier)";
				SKIP_INSTALL = YES;
				SWIFT_EMIT_LOC_STRINGS = YES;
				SWIFT_INSTALL_OBJC_HEADER = NO;
				SWIFT_VERSION = 5.0;
				TARGETED_DEVICE_FAMILY = "1,2";
				VERSIONING_SYSTEM = "apple-generic";
				VERSION_INFO_PREFIX = "";
			};
			name = Release;
		};
		BDCCF6172C29E06D0056D1B6 /* Debug */ = {
			isa = XCBuildConfiguration;
			buildSettings = {
				ALWAYS_SEARCH_USER_PATHS = NO;
				ASSETCATALOG_COMPILER_GENERATE_SWIFT_ASSET_SYMBOL_EXTENSIONS = YES;
				CLANG_ANALYZER_NONNULL = YES;
				CLANG_ANALYZER_NUMBER_OBJECT_CONVERSION = YES_AGGRESSIVE;
				CLANG_CXX_LANGUAGE_STANDARD = "gnu++20";
				CLANG_ENABLE_MODULES = YES;
				CLANG_ENABLE_OBJC_ARC = YES;
				CLANG_ENABLE_OBJC_WEAK = YES;
				CLANG_WARN_BLOCK_CAPTURE_AUTORELEASING = YES;
				CLANG_WARN_BOOL_CONVERSION = YES;
				CLANG_WARN_COMMA = YES;
				CLANG_WARN_CONSTANT_CONVERSION = YES;
				CLANG_WARN_DEPRECATED_OBJC_IMPLEMENTATIONS = YES;
				CLANG_WARN_DIRECT_OBJC_ISA_USAGE = YES_ERROR;
				CLANG_WARN_DOCUMENTATION_COMMENTS = YES;
				CLANG_WARN_EMPTY_BODY = YES;
				CLANG_WARN_ENUM_CONVERSION = YES;
				CLANG_WARN_INFINITE_RECURSION = YES;
				CLANG_WARN_INT_CONVERSION = YES;
				CLANG_WARN_NON_LITERAL_NULL_CONVERSION = YES;
				CLANG_WARN_OBJC_IMPLICIT_RETAIN_SELF = YES;
				CLANG_WARN_OBJC_LITERAL_CONVERSION = YES;
				CLANG_WARN_OBJC_ROOT_CLASS = YES_ERROR;
				CLANG_WARN_QUOTED_INCLUDE_IN_FRAMEWORK_HEADER = YES;
				CLANG_WARN_RANGE_LOOP_ANALYSIS = YES;
				CLANG_WARN_STRICT_PROTOTYPES = YES;
				CLANG_WARN_SUSPICIOUS_MOVE = YES;
				CLANG_WARN_UNGUARDED_AVAILABILITY = YES_AGGRESSIVE;
				CLANG_WARN_UNREACHABLE_CODE = YES;
				CLANG_WARN__DUPLICATE_METHOD_MATCH = YES;
				COPY_PHASE_STRIP = NO;
				DEBUG_INFORMATION_FORMAT = dwarf;
				ENABLE_STRICT_OBJC_MSGSEND = YES;
				ENABLE_TESTABILITY = YES;
				ENABLE_USER_SCRIPT_SANDBOXING = YES;
				GCC_C_LANGUAGE_STANDARD = gnu17;
				GCC_DYNAMIC_NO_PIC = NO;
				GCC_NO_COMMON_BLOCKS = YES;
				GCC_OPTIMIZATION_LEVEL = 0;
				GCC_PREPROCESSOR_DEFINITIONS = (
					"DEBUG=1",
					"$(inherited)",
				);
				GCC_WARN_64_TO_32_BIT_CONVERSION = YES;
				GCC_WARN_ABOUT_RETURN_TYPE = YES_ERROR;
				GCC_WARN_UNDECLARED_SELECTOR = YES;
				GCC_WARN_UNINITIALIZED_AUTOS = YES_AGGRESSIVE;
				GCC_WARN_UNUSED_FUNCTION = YES;
				GCC_WARN_UNUSED_VARIABLE = YES;
				IPHONEOS_DEPLOYMENT_TARGET = 17.5;
				LOCALIZATION_PREFERS_STRING_CATALOGS = YES;
				MTL_ENABLE_DEBUG_INFO = INCLUDE_SOURCE;
				MTL_FAST_MATH = YES;
				ONLY_ACTIVE_ARCH = YES;
				SDKROOT = iphoneos;
				SWIFT_ACTIVE_COMPILATION_CONDITIONS = "DEBUG $(inherited)";
				SWIFT_OPTIMIZATION_LEVEL = "-Onone";
			};
			name = Debug;
		};
		BDCCF6182C29E06D0056D1B6 /* Release */ = {
			isa = XCBuildConfiguration;
			buildSettings = {
				ALWAYS_SEARCH_USER_PATHS = NO;
				ASSETCATALOG_COMPILER_GENERATE_SWIFT_ASSET_SYMBOL_EXTENSIONS = YES;
				CLANG_ANALYZER_NONNULL = YES;
				CLANG_ANALYZER_NUMBER_OBJECT_CONVERSION = YES_AGGRESSIVE;
				CLANG_CXX_LANGUAGE_STANDARD = "gnu++20";
				CLANG_ENABLE_MODULES = YES;
				CLANG_ENABLE_OBJC_ARC = YES;
				CLANG_ENABLE_OBJC_WEAK = YES;
				CLANG_WARN_BLOCK_CAPTURE_AUTORELEASING = YES;
				CLANG_WARN_BOOL_CONVERSION = YES;
				CLANG_WARN_COMMA = YES;
				CLANG_WARN_CONSTANT_CONVERSION = YES;
				CLANG_WARN_DEPRECATED_OBJC_IMPLEMENTATIONS = YES;
				CLANG_WARN_DIRECT_OBJC_ISA_USAGE = YES_ERROR;
				CLANG_WARN_DOCUMENTATION_COMMENTS = YES;
				CLANG_WARN_EMPTY_BODY = YES;
				CLANG_WARN_ENUM_CONVERSION = YES;
				CLANG_WARN_INFINITE_RECURSION = YES;
				CLANG_WARN_INT_CONVERSION = YES;
				CLANG_WARN_NON_LITERAL_NULL_CONVERSION = YES;
				CLANG_WARN_OBJC_IMPLICIT_RETAIN_SELF = YES;
				CLANG_WARN_OBJC_LITERAL_CONVERSION = YES;
				CLANG_WARN_OBJC_ROOT_CLASS = YES_ERROR;
				CLANG_WARN_QUOTED_INCLUDE_IN_FRAMEWORK_HEADER = YES;
				CLANG_WARN_RANGE_LOOP_ANALYSIS = YES;
				CLANG_WARN_STRICT_PROTOTYPES = YES;
				CLANG_WARN_SUSPICIOUS_MOVE = YES;
				CLANG_WARN_UNGUARDED_AVAILABILITY = YES_AGGRESSIVE;
				CLANG_WARN_UNREACHABLE_CODE = YES;
				CLANG_WARN__DUPLICATE_METHOD_MATCH = YES;
				COPY_PHASE_STRIP = NO;
				DEBUG_INFORMATION_FORMAT = "dwarf-with-dsym";
				ENABLE_NS_ASSERTIONS = NO;
				ENABLE_STRICT_OBJC_MSGSEND = YES;
				ENABLE_USER_SCRIPT_SANDBOXING = YES;
				GCC_C_LANGUAGE_STANDARD = gnu17;
				GCC_NO_COMMON_BLOCKS = YES;
				GCC_WARN_64_TO_32_BIT_CONVERSION = YES;
				GCC_WARN_ABOUT_RETURN_TYPE = YES_ERROR;
				GCC_WARN_UNDECLARED_SELECTOR = YES;
				GCC_WARN_UNINITIALIZED_AUTOS = YES_AGGRESSIVE;
				GCC_WARN_UNUSED_FUNCTION = YES;
				GCC_WARN_UNUSED_VARIABLE = YES;
				IPHONEOS_DEPLOYMENT_TARGET = 17.5;
				LOCALIZATION_PREFERS_STRING_CATALOGS = YES;
				MTL_ENABLE_DEBUG_INFO = NO;
				MTL_FAST_MATH = YES;
				SDKROOT = iphoneos;
				SWIFT_COMPILATION_MODE = wholemodule;
				VALIDATE_PRODUCT = YES;
			};
			name = Release;
		};
		BDCCF61A2C29E06D0056D1B6 /* Debug */ = {
			isa = XCBuildConfiguration;
			buildSettings = {
				ALWAYS_EMBED_SWIFT_STANDARD_LIBRARIES = YES;
				ASSETCATALOG_COMPILER_APPICON_NAME = AppIcon;
				ASSETCATALOG_COMPILER_GLOBAL_ACCENT_COLOR_NAME = AccentColor;
				CODE_SIGN_STYLE = Automatic;
				CURRENT_PROJECT_VERSION = 1;
				DEVELOPMENT_ASSET_PATHS = "\"AppIntentCounter2/Preview Content\"";
				ENABLE_PREVIEWS = YES;
				GENERATE_INFOPLIST_FILE = YES;
				INFOPLIST_FILE = AppIntentCounter2/Info.plist;
				INFOPLIST_KEY_UIApplicationSceneManifest_Generation = YES;
				INFOPLIST_KEY_UIApplicationSupportsIndirectInputEvents = YES;
				INFOPLIST_KEY_UILaunchScreen_Generation = YES;
				INFOPLIST_KEY_UISupportedInterfaceOrientations_iPad = "UIInterfaceOrientationPortrait UIInterfaceOrientationPortraitUpsideDown UIInterfaceOrientationLandscapeLeft UIInterfaceOrientationLandscapeRight";
				INFOPLIST_KEY_UISupportedInterfaceOrientations_iPhone = "UIInterfaceOrientationPortrait UIInterfaceOrientationLandscapeLeft UIInterfaceOrientationLandscapeRight";
				IPHONEOS_DEPLOYMENT_TARGET = 18.0;
				LD_RUNPATH_SEARCH_PATHS = (
					"$(inherited)",
					"@executable_path/Frameworks",
				);
				MARKETING_VERSION = 1.0;
				PRODUCT_BUNDLE_IDENTIFIER = com.squareup.AppIntentCounter2;
				PRODUCT_NAME = "$(TARGET_NAME)";
				SWIFT_EMIT_LOC_STRINGS = YES;
				SWIFT_VERSION = 5.0;
				TARGETED_DEVICE_FAMILY = "1,2";
			};
			name = Debug;
		};
		BDCCF61B2C29E06D0056D1B6 /* Release */ = {
			isa = XCBuildConfiguration;
			buildSettings = {
				ALWAYS_EMBED_SWIFT_STANDARD_LIBRARIES = YES;
				ASSETCATALOG_COMPILER_APPICON_NAME = AppIcon;
				ASSETCATALOG_COMPILER_GLOBAL_ACCENT_COLOR_NAME = AccentColor;
				CODE_SIGN_STYLE = Automatic;
				CURRENT_PROJECT_VERSION = 1;
				DEVELOPMENT_ASSET_PATHS = "\"AppIntentCounter2/Preview Content\"";
				ENABLE_PREVIEWS = YES;
				GENERATE_INFOPLIST_FILE = YES;
				INFOPLIST_FILE = AppIntentCounter2/Info.plist;
				INFOPLIST_KEY_UIApplicationSceneManifest_Generation = YES;
				INFOPLIST_KEY_UIApplicationSupportsIndirectInputEvents = YES;
				INFOPLIST_KEY_UILaunchScreen_Generation = YES;
				INFOPLIST_KEY_UISupportedInterfaceOrientations_iPad = "UIInterfaceOrientationPortrait UIInterfaceOrientationPortraitUpsideDown UIInterfaceOrientationLandscapeLeft UIInterfaceOrientationLandscapeRight";
				INFOPLIST_KEY_UISupportedInterfaceOrientations_iPhone = "UIInterfaceOrientationPortrait UIInterfaceOrientationLandscapeLeft UIInterfaceOrientationLandscapeRight";
				IPHONEOS_DEPLOYMENT_TARGET = 18.0;
				LD_RUNPATH_SEARCH_PATHS = (
					"$(inherited)",
					"@executable_path/Frameworks",
				);
				MARKETING_VERSION = 1.0;
				PRODUCT_BUNDLE_IDENTIFIER = com.squareup.AppIntentCounter2;
				PRODUCT_NAME = "$(TARGET_NAME)";
				SWIFT_EMIT_LOC_STRINGS = YES;
				SWIFT_VERSION = 5.0;
				TARGETED_DEVICE_FAMILY = "1,2";
			};
			name = Release;
		};
/* End XCBuildConfiguration section */

/* Begin XCConfigurationList section */
		BDB556302C29E36F003E44EF /* Build configuration list for PBXNativeTarget "CounterFramework" */ = {
			isa = XCConfigurationList;
			buildConfigurations = (
				BDB556312C29E36F003E44EF /* Debug */,
				BDB556322C29E36F003E44EF /* Release */,
			);
			defaultConfigurationIsVisible = 0;
			defaultConfigurationName = Release;
		};
		BDCCF5F02C29E06C0056D1B6 /* Build configuration list for PBXProject "AppIntentCounter2" */ = {
			isa = XCConfigurationList;
			buildConfigurations = (
				BDCCF6172C29E06D0056D1B6 /* Debug */,
				BDCCF6182C29E06D0056D1B6 /* Release */,
			);
			defaultConfigurationIsVisible = 0;
			defaultConfigurationName = Release;
		};
		BDCCF6192C29E06D0056D1B6 /* Build configuration list for PBXNativeTarget "AppIntentCounter2" */ = {
			isa = XCConfigurationList;
			buildConfigurations = (
				BDCCF61A2C29E06D0056D1B6 /* Debug */,
				BDCCF61B2C29E06D0056D1B6 /* Release */,
			);
			defaultConfigurationIsVisible = 0;
			defaultConfigurationName = Release;
		};
/* End XCConfigurationList section */
	};
	rootObject = BDCCF5ED2C29E06C0056D1B6 /* Project object */;
}
